
Microsoft Visual Studio Solution File, Format Version 12.00
Project("{FAE04EC0-301F-11D3-BF4B-00C04F79EFBC}") = "CompoundLauncher", "CompoundLauncher\CompoundLauncher.csproj", "{C6FC8D5E-93AD-4F73-B6A2-B14C3617CF0F}"
EndProject
Project("{FAE04EC0-301F-11D3-BF4B-00C04F79EFBC}") = "CompoundLauncher.Ui", "CompoundLauncher.Ui\CompoundLauncher.Ui.csproj", "{E82C2C2B-F5F1-412E-9B9C-CE526D338470}"
EndProject
Project("{FAE04EC0-301F-11D3-BF4B-00C04F79EFBC}") = "CompoundLauncher.Domain", "CompoundLauncher.Domain\CompoundLauncher.Domain.csproj", "{A0F6A1A3-73A8-4E4A-9A2C-D0CA5D1D4D2B}"
EndProject
Project("{FAE04EC0-301F-11D3-BF4B-00C04F79EFBC}") = "CompoundLauncher.DataAccess", "CompoundLauncher.DataAccess\CompoundLauncher.DataAccess.csproj", "{EC1807A0-7A76-40B3-908A-FFB0DE9706B3}"
EndProject
Global
	GlobalSection(SolutionConfigurationPlatforms) = preSolution
		Debug|Any CPU = Debug|Any CPU
		Release|Any CPU = Release|Any CPU
	EndGlobalSection
	GlobalSection(ProjectConfigurationPlatforms) = postSolution
		{C6FC8D5E-93AD-4F73-B6A2-B14C3617CF0F}.Debug|Any CPU.ActiveCfg = Debug|Any CPU
		{C6FC8D5E-93AD-4F73-B6A2-B14C3617CF0F}.Debug|Any CPU.Build.0 = Debug|Any CPU
		{C6FC8D5E-93AD-4F73-B6A2-B14C3617CF0F}.Release|Any CPU.ActiveCfg = Release|Any CPU
		{C6FC8D5E-93AD-4F73-B6A2-B14C3617CF0F}.Release|Any CPU.Build.0 = Release|Any CPU
		{E82C2C2B-F5F1-412E-9B9C-CE526D338470}.Debug|Any CPU.ActiveCfg = Debug|Any CPU
		{E82C2C2B-F5F1-412E-9B9C-CE526D338470}.Debug|Any CPU.Build.0 = Debug|Any CPU
		{E82C2C2B-F5F1-412E-9B9C-CE526D338470}.Release|Any CPU.ActiveCfg = Release|Any CPU
		{E82C2C2B-F5F1-412E-9B9C-CE526D338470}.Release|Any CPU.Build.0 = Release|Any CPU
		{A0F6A1A3-73A8-4E4A-9A2C-D0CA5D1D4D2B}.Debug|Any CPU.ActiveCfg = Debug|Any CPU
		{A0F6A1A3-73A8-4E4A-9A2C-D0CA5D1D4D2B}.Debug|Any CPU.Build.0 = Debug|Any CPU
		{A0F6A1A3-73A8-4E4A-9A2C-D0CA5D1D4D2B}.Release|Any CPU.ActiveCfg = Release|Any CPU
		{A0F6A1A3-73A8-4E4A-9A2C-D0CA5D1D4D2B}.Release|Any CPU.Build.0 = Release|Any CPU
		{EC1807A0-7A76-40B3-908A-FFB0DE9706B3}.Debug|Any CPU.ActiveCfg = Debug|Any CPU
		{EC1807A0-7A76-40B3-908A-FFB0DE9706B3}.Debug|Any CPU.Build.0 = Debug|Any CPU
		{EC1807A0-7A76-40B3-908A-FFB0DE9706B3}.Release|Any CPU.ActiveCfg = Release|Any CPU
		{EC1807A0-7A76-40B3-908A-FFB0DE9706B3}.Release|Any CPU.Build.0 = Release|Any CPU
	EndGlobalSection
EndGlobal
